
Microsoft Visual Studio Solution File, Format Version 12.00
# Visual Studio Version 17
VisualStudioVersion = 17.0.31903.59
MinimumVisualStudioVersion = 10.0.40219.1
Project("{FAE04EC0-301F-11D3-BF4B-00C04F79EFBC}") = "SkillSnap.Server", "SkillSnap.Server\SkillSnap.Server.csproj", "{A537AEDB-DE2D-4751-9363-97E4EF653E86}"
EndProject
Project("{FAE04EC0-301F-11D3-BF4B-00C04F79EFBC}") = "SkillSnap.Shared", "SkillSnap.Shared\SkillSnap.Shared.csproj", "{97B99339-90E2-403E-9203-5CD9F72E22E7}"
EndProject
Project("{2150E333-8FDC-42A3-9474-1A3956D46DE8}") = "SkillSnap.Client", "SkillSnap.Client", "{1AB7277D-703B-9E20-D711-ECA3B984F6C2}"
EndProject
Project("{2150E333-8FDC-42A3-9474-1A3956D46DE8}") = "Client", "Client", "{F385DCC6-51E3-3BBB-E333-84AEEC97BEEE}"
EndProject
Project("{FAE04EC0-301F-11D3-BF4B-00C04F79EFBC}") = "SkillSnap.Client.Client", "SkillSnap.Client\Client\SkillSnap.Client.Client.csproj", "{2592CEFF-7222-4A26-AABC-18E6D14D66F4}"
EndProject
Global
	GlobalSection(SolutionConfigurationPlatforms) = preSolution
		Debug|Any CPU = Debug|Any CPU
		Debug|x64 = Debug|x64
		Debug|x86 = Debug|x86
		Release|Any CPU = Release|Any CPU
		Release|x64 = Release|x64
		Release|x86 = Release|x86
	EndGlobalSection
	GlobalSection(ProjectConfigurationPlatforms) = postSolution
		{A537AEDB-DE2D-4751-9363-97E4EF653E86}.Debug|Any CPU.ActiveCfg = Debug|Any CPU
		{A537AEDB-DE2D-4751-9363-97E4EF653E86}.Debug|Any CPU.Build.0 = Debug|Any CPU
		{A537AEDB-DE2D-4751-9363-97E4EF653E86}.Debug|x64.ActiveCfg = Debug|Any CPU
		{A537AEDB-DE2D-4751-9363-97E4EF653E86}.Debug|x64.Build.0 = Debug|Any CPU
		{A537AEDB-DE2D-4751-9363-97E4EF653E86}.Debug|x86.ActiveCfg = Debug|Any CPU
		{A537AEDB-DE2D-4751-9363-97E4EF653E86}.Debug|x86.Build.0 = Debug|Any CPU
		{A537AEDB-DE2D-4751-9363-97E4EF653E86}.Release|Any CPU.ActiveCfg = Release|Any CPU
		{A537AEDB-DE2D-4751-9363-97E4EF653E86}.Release|Any CPU.Build.0 = Release|Any CPU
		{A537AEDB-DE2D-4751-9363-97E4EF653E86}.Release|x64.ActiveCfg = Release|Any CPU
		{A537AEDB-DE2D-4751-9363-97E4EF653E86}.Release|x64.Build.0 = Release|Any CPU
		{A537AEDB-DE2D-4751-9363-97E4EF653E86}.Release|x86.ActiveCfg = Release|Any CPU
		{A537AEDB-DE2D-4751-9363-97E4EF653E86}.Release|x86.Build.0 = Release|Any CPU
		{97B99339-90E2-403E-9203-5CD9F72E22E7}.Debug|Any CPU.ActiveCfg = Debug|Any CPU
		{97B99339-90E2-403E-9203-5CD9F72E22E7}.Debug|Any CPU.Build.0 = Debug|Any CPU
		{97B99339-90E2-403E-9203-5CD9F72E22E7}.Debug|x64.ActiveCfg = Debug|Any CPU
		{97B99339-90E2-403E-9203-5CD9F72E22E7}.Debug|x64.Build.0 = Debug|Any CPU
		{97B99339-90E2-403E-9203-5CD9F72E22E7}.Debug|x86.ActiveCfg = Debug|Any CPU
		{97B99339-90E2-403E-9203-5CD9F72E22E7}.Debug|x86.Build.0 = Debug|Any CPU
		{97B99339-90E2-403E-9203-5CD9F72E22E7}.Release|Any CPU.ActiveCfg = Release|Any CPU
		{97B99339-90E2-403E-9203-5CD9F72E22E7}.Release|Any CPU.Build.0 = Release|Any CPU
		{97B99339-90E2-403E-9203-5CD9F72E22E7}.Release|x64.ActiveCfg = Release|Any CPU
		{97B99339-90E2-403E-9203-5CD9F72E22E7}.Release|x64.Build.0 = Release|Any CPU
		{97B99339-90E2-403E-9203-5CD9F72E22E7}.Release|x86.ActiveCfg = Release|Any CPU
		{97B99339-90E2-403E-9203-5CD9F72E22E7}.Release|x86.Build.0 = Release|Any CPU
		{2592CEFF-7222-4A26-AABC-18E6D14D66F4}.Debug|Any CPU.ActiveCfg = Debug|Any CPU
		{2592CEFF-7222-4A26-AABC-18E6D14D66F4}.Debug|Any CPU.Build.0 = Debug|Any CPU
		{2592CEFF-7222-4A26-AABC-18E6D14D66F4}.Debug|x64.ActiveCfg = Debug|Any CPU
		{2592CEFF-7222-4A26-AABC-18E6D14D66F4}.Debug|x64.Build.0 = Debug|Any CPU
		{2592CEFF-7222-4A26-AABC-18E6D14D66F4}.Debug|x86.ActiveCfg = Debug|Any CPU
		{2592CEFF-7222-4A26-AABC-18E6D14D66F4}.Debug|x86.Build.0 = Debug|Any CPU
		{2592CEFF-7222-4A26-AABC-18E6D14D66F4}.Release|Any CPU.ActiveCfg = Release|Any CPU
		{2592CEFF-7222-4A26-AABC-18E6D14D66F4}.Release|Any CPU.Build.0 = Release|Any CPU
		{2592CEFF-7222-4A26-AABC-18E6D14D66F4}.Release|x64.ActiveCfg = Release|Any CPU
		{2592CEFF-7222-4A26-AABC-18E6D14D66F4}.Release|x64.Build.0 = Release|Any CPU
		{2592CEFF-7222-4A26-AABC-18E6D14D66F4}.Release|x86.ActiveCfg = Release|Any CPU
		{2592CEFF-7222-4A26-AABC-18E6D14D66F4}.Release|x86.Build.0 = Release|Any CPU
	EndGlobalSection
	GlobalSection(SolutionProperties) = preSolution
		HideSolutionNode = FALSE
	EndGlobalSection
	GlobalSection(NestedProjects) = preSolution
		{F385DCC6-51E3-3BBB-E333-84AEEC97BEEE} = {1AB7277D-703B-9E20-D711-ECA3B984F6C2}
		{2592CEFF-7222-4A26-AABC-18E6D14D66F4} = {F385DCC6-51E3-3BBB-E333-84AEEC97BEEE}
	EndGlobalSection
EndGlobal
